
Microsoft Visual Studio Solution File, Format Version 12.00
# Visual Studio Version 17
VisualStudioVersion = 17.3.32819.101
MinimumVisualStudioVersion = 10.0.40219.1
Project("{FAE04EC0-301F-11D3-BF4B-00C04F79EFBC}") = "Shopping.Client", "Shopping.Client\Shopping.Client.csproj", "{054D718E-E77D-4FE6-A9E8-62B075EDDDB3}"
EndProject
Global
	GlobalSection(SolutionConfigurationPlatforms) = preSolution
		Debug|Any CPU = Debug|Any CPU
		Release|Any CPU = Release|Any CPU
	EndGlobalSection
	GlobalSection(ProjectConfigurationPlatforms) = postSolution
		{054D718E-E77D-4FE6-A9E8-62B075EDDDB3}.Debug|Any CPU.ActiveCfg = Debug|Any CPU
		{054D718E-E77D-4FE6-A9E8-62B075EDDDB3}.Debug|Any CPU.Build.0 = Debug|Any CPU
		{054D718E-E77D-4FE6-A9E8-62B075EDDDB3}.Release|Any CPU.ActiveCfg = Release|Any CPU
		{054D718E-E77D-4FE6-A9E8-62B075EDDDB3}.Release|Any CPU.Build.0 = Release|Any CPU
	EndGlobalSection
	GlobalSection(SolutionProperties) = preSolution
		HideSolutionNode = FALSE
	EndGlobalSection
	GlobalSection(ExtensibilityGlobals) = postSolution
		SolutionGuid = {2D8B95B5-9FCA-438C-BE49-8827962ADE29}
	EndGlobalSection
EndGlobal
